// !$*UTF8*$!
{
	archiveVersion = 1;
	classes = {
	};
	objectVersion = 50;
	objects = {

/* Begin PBXBuildFile section */
		31A09F5C4D653F1CE109892D /* Pods_pokedex_pokedexUITests.framework in Frameworks */ = {isa = PBXBuildFile; fileRef = DB683C245D0FD1C648EF717F /* Pods_pokedex_pokedexUITests.framework */; };
		AFA27C6D52A720ED7E69CEC4 /* Pods_pokedexTests.framework in Frameworks */ = {isa = PBXBuildFile; fileRef = DE93DC70FBFF1447E2391559 /* Pods_pokedexTests.framework */; };
		B10D9AEF268FAF8600D7E9C7 /* CoreNetwork.framework in Frameworks */ = {isa = PBXBuildFile; fileRef = B10D9AEE268FAF8600D7E9C7 /* CoreNetwork.framework */; };
		B10D9AF0268FAF8600D7E9C7 /* CoreNetwork.framework in Embed Frameworks */ = {isa = PBXBuildFile; fileRef = B10D9AEE268FAF8600D7E9C7 /* CoreNetwork.framework */; settings = {ATTRIBUTES = (CodeSignOnCopy, RemoveHeadersOnCopy, ); }; };
		B14B0EE0268F686C009F91D3 /* PokemonEntityDumb.swift in Sources */ = {isa = PBXBuildFile; fileRef = B14B0EDF268F686B009F91D3 /* PokemonEntityDumb.swift */; };
		B14B0EE5268F818B009F91D3 /* PokedexViewModelTests.swift in Sources */ = {isa = PBXBuildFile; fileRef = B14B0EE4268F818B009F91D3 /* PokedexViewModelTests.swift */; };
		B14B0EF2268F9005009F91D3 /* APIPokedexTests.swift in Sources */ = {isa = PBXBuildFile; fileRef = B14B0EF1268F9005009F91D3 /* APIPokedexTests.swift */; };
		B172D9DE269CDC4D00ED92A4 /* UI.framework in Frameworks */ = {isa = PBXBuildFile; fileRef = B172D9DD269CDC4D00ED92A4 /* UI.framework */; };
		B172D9DF269CDC4D00ED92A4 /* UI.framework in Embed Frameworks */ = {isa = PBXBuildFile; fileRef = B172D9DD269CDC4D00ED92A4 /* UI.framework */; settings = {ATTRIBUTES = (CodeSignOnCopy, RemoveHeadersOnCopy, ); }; };
		B19D870A26978F0900BC7E09 /* CoreNetworkProtocols.framework in Frameworks */ = {isa = PBXBuildFile; fileRef = B19D870926978F0900BC7E09 /* CoreNetworkProtocols.framework */; };
		B19D870B26978F0900BC7E09 /* CoreNetworkProtocols.framework in Embed Frameworks */ = {isa = PBXBuildFile; fileRef = B19D870926978F0900BC7E09 /* CoreNetworkProtocols.framework */; settings = {ATTRIBUTES = (CodeSignOnCopy, RemoveHeadersOnCopy, ); }; };
		B1E1CF11269CE60F009BC800 /* PokemonPokedex.framework in Frameworks */ = {isa = PBXBuildFile; fileRef = B1E1CF10269CE60F009BC800 /* PokemonPokedex.framework */; };
		B1E1CF12269CE60F009BC800 /* PokemonPokedex.framework in Embed Frameworks */ = {isa = PBXBuildFile; fileRef = B1E1CF10269CE60F009BC800 /* PokemonPokedex.framework */; settings = {ATTRIBUTES = (CodeSignOnCopy, RemoveHeadersOnCopy, ); }; };
		B1E1CF54269CE8E3009BC800 /* Injector.swift in Sources */ = {isa = PBXBuildFile; fileRef = B1E1CF53269CE8E3009BC800 /* Injector.swift */; };
		B1F64B82268F5004008098F0 /* GetPokemonListUseCaseTests.swift in Sources */ = {isa = PBXBuildFile; fileRef = B1F64B81268F5004008098F0 /* GetPokemonListUseCaseTests.swift */; };
		B1F735B2268607BD008AA8C6 /* AppDelegate.swift in Sources */ = {isa = PBXBuildFile; fileRef = B1F735B1268607BD008AA8C6 /* AppDelegate.swift */; };
		B1F735B4268607BD008AA8C6 /* SceneDelegate.swift in Sources */ = {isa = PBXBuildFile; fileRef = B1F735B3268607BD008AA8C6 /* SceneDelegate.swift */; };
		B1F735B6268607BD008AA8C6 /* ViewController.swift in Sources */ = {isa = PBXBuildFile; fileRef = B1F735B5268607BD008AA8C6 /* ViewController.swift */; };
		B1F735B9268607BD008AA8C6 /* Main.storyboard in Resources */ = {isa = PBXBuildFile; fileRef = B1F735B7268607BD008AA8C6 /* Main.storyboard */; };
		B1F735BB268607BE008AA8C6 /* Assets.xcassets in Resources */ = {isa = PBXBuildFile; fileRef = B1F735BA268607BE008AA8C6 /* Assets.xcassets */; };
		B1F735BE268607BE008AA8C6 /* LaunchScreen.storyboard in Resources */ = {isa = PBXBuildFile; fileRef = B1F735BC268607BE008AA8C6 /* LaunchScreen.storyboard */; };
		B1F735D4268607BE008AA8C6 /* pokedexUITests.swift in Sources */ = {isa = PBXBuildFile; fileRef = B1F735D3268607BE008AA8C6 /* pokedexUITests.swift */; };
		FE7205B6DEF0E2CA83952386 /* Pods_pokedex.framework in Frameworks */ = {isa = PBXBuildFile; fileRef = BD0307A00D72B03B4451D1AC /* Pods_pokedex.framework */; };
/* End PBXBuildFile section */

/* Begin PBXContainerItemProxy section */
		B1F735C5268607BE008AA8C6 /* PBXContainerItemProxy */ = {
			isa = PBXContainerItemProxy;
			containerPortal = B1F735A6268607BD008AA8C6 /* Project object */;
			proxyType = 1;
			remoteGlobalIDString = B1F735AD268607BD008AA8C6;
			remoteInfo = pokedex;
		};
		B1F735D0268607BE008AA8C6 /* PBXContainerItemProxy */ = {
			isa = PBXContainerItemProxy;
			containerPortal = B1F735A6268607BD008AA8C6 /* Project object */;
			proxyType = 1;
			remoteGlobalIDString = B1F735AD268607BD008AA8C6;
			remoteInfo = pokedex;
		};
/* End PBXContainerItemProxy section */

/* Begin PBXCopyFilesBuildPhase section */
		B10D9AF1268FAF8600D7E9C7 /* Embed Frameworks */ = {
			isa = PBXCopyFilesBuildPhase;
			buildActionMask = 2147483647;
			dstPath = "";
			dstSubfolderSpec = 10;
			files = (
				B172D9DF269CDC4D00ED92A4 /* UI.framework in Embed Frameworks */,
				B1E1CF12269CE60F009BC800 /* PokemonPokedex.framework in Embed Frameworks */,
				B19D870B26978F0900BC7E09 /* CoreNetworkProtocols.framework in Embed Frameworks */,
				B10D9AF0268FAF8600D7E9C7 /* CoreNetwork.framework in Embed Frameworks */,
			);
			name = "Embed Frameworks";
			runOnlyForDeploymentPostprocessing = 0;
		};
/* End PBXCopyFilesBuildPhase section */

/* Begin PBXFileReference section */
		10D926C8F39C298851878F60 /* Pods-pokedexTests.debug.xcconfig */ = {isa = PBXFileReference; includeInIndex = 1; lastKnownFileType = text.xcconfig; name = "Pods-pokedexTests.debug.xcconfig"; path = "Target Support Files/Pods-pokedexTests/Pods-pokedexTests.debug.xcconfig"; sourceTree = "<group>"; };
		554043A8E0538F766585D2FB /* Pods-pokedex-pokedexUITests.debug.xcconfig */ = {isa = PBXFileReference; includeInIndex = 1; lastKnownFileType = text.xcconfig; name = "Pods-pokedex-pokedexUITests.debug.xcconfig"; path = "Target Support Files/Pods-pokedex-pokedexUITests/Pods-pokedex-pokedexUITests.debug.xcconfig"; sourceTree = "<group>"; };
		5FC836820CB83C65879029E8 /* Pods-pokedex.debug.xcconfig */ = {isa = PBXFileReference; includeInIndex = 1; lastKnownFileType = text.xcconfig; name = "Pods-pokedex.debug.xcconfig"; path = "Target Support Files/Pods-pokedex/Pods-pokedex.debug.xcconfig"; sourceTree = "<group>"; };
		B10D9AEE268FAF8600D7E9C7 /* CoreNetwork.framework */ = {isa = PBXFileReference; explicitFileType = wrapper.framework; path = CoreNetwork.framework; sourceTree = BUILT_PRODUCTS_DIR; };
		B14B0EDF268F686B009F91D3 /* PokemonEntityDumb.swift */ = {isa = PBXFileReference; lastKnownFileType = sourcecode.swift; path = PokemonEntityDumb.swift; sourceTree = "<group>"; };
		B14B0EE4268F818B009F91D3 /* PokedexViewModelTests.swift */ = {isa = PBXFileReference; lastKnownFileType = sourcecode.swift; path = PokedexViewModelTests.swift; sourceTree = "<group>"; };
		B14B0EF1268F9005009F91D3 /* APIPokedexTests.swift */ = {isa = PBXFileReference; lastKnownFileType = sourcecode.swift; path = APIPokedexTests.swift; sourceTree = "<group>"; };
		B172D9DD269CDC4D00ED92A4 /* UI.framework */ = {isa = PBXFileReference; explicitFileType = wrapper.framework; path = UI.framework; sourceTree = BUILT_PRODUCTS_DIR; };
		B19D870926978F0900BC7E09 /* CoreNetworkProtocols.framework */ = {isa = PBXFileReference; explicitFileType = wrapper.framework; path = CoreNetworkProtocols.framework; sourceTree = BUILT_PRODUCTS_DIR; };
		B1E1CF10269CE60F009BC800 /* PokemonPokedex.framework */ = {isa = PBXFileReference; explicitFileType = wrapper.framework; path = PokemonPokedex.framework; sourceTree = BUILT_PRODUCTS_DIR; };
		B1E1CF53269CE8E3009BC800 /* Injector.swift */ = {isa = PBXFileReference; lastKnownFileType = sourcecode.swift; path = Injector.swift; sourceTree = "<group>"; };
		B1F64B81268F5004008098F0 /* GetPokemonListUseCaseTests.swift */ = {isa = PBXFileReference; lastKnownFileType = sourcecode.swift; path = GetPokemonListUseCaseTests.swift; sourceTree = "<group>"; };
		B1F735AE268607BD008AA8C6 /* pokedex.app */ = {isa = PBXFileReference; explicitFileType = wrapper.application; includeInIndex = 0; path = pokedex.app; sourceTree = BUILT_PRODUCTS_DIR; };
		B1F735B1268607BD008AA8C6 /* AppDelegate.swift */ = {isa = PBXFileReference; lastKnownFileType = sourcecode.swift; path = AppDelegate.swift; sourceTree = "<group>"; };
		B1F735B3268607BD008AA8C6 /* SceneDelegate.swift */ = {isa = PBXFileReference; lastKnownFileType = sourcecode.swift; path = SceneDelegate.swift; sourceTree = "<group>"; };
		B1F735B5268607BD008AA8C6 /* ViewController.swift */ = {isa = PBXFileReference; lastKnownFileType = sourcecode.swift; path = ViewController.swift; sourceTree = "<group>"; };
		B1F735B8268607BD008AA8C6 /* Base */ = {isa = PBXFileReference; lastKnownFileType = file.storyboard; name = Base; path = Base.lproj/Main.storyboard; sourceTree = "<group>"; };
		B1F735BA268607BE008AA8C6 /* Assets.xcassets */ = {isa = PBXFileReference; lastKnownFileType = folder.assetcatalog; path = Assets.xcassets; sourceTree = "<group>"; };
		B1F735BD268607BE008AA8C6 /* Base */ = {isa = PBXFileReference; lastKnownFileType = file.storyboard; name = Base; path = Base.lproj/LaunchScreen.storyboard; sourceTree = "<group>"; };
		B1F735BF268607BE008AA8C6 /* Info.plist */ = {isa = PBXFileReference; lastKnownFileType = text.plist.xml; path = Info.plist; sourceTree = "<group>"; };
		B1F735C4268607BE008AA8C6 /* pokedexTests.xctest */ = {isa = PBXFileReference; explicitFileType = wrapper.cfbundle; includeInIndex = 0; path = pokedexTests.xctest; sourceTree = BUILT_PRODUCTS_DIR; };
		B1F735CA268607BE008AA8C6 /* Info.plist */ = {isa = PBXFileReference; lastKnownFileType = text.plist.xml; path = Info.plist; sourceTree = "<group>"; };
		B1F735CF268607BE008AA8C6 /* pokedexUITests.xctest */ = {isa = PBXFileReference; explicitFileType = wrapper.cfbundle; includeInIndex = 0; path = pokedexUITests.xctest; sourceTree = BUILT_PRODUCTS_DIR; };
		B1F735D3268607BE008AA8C6 /* pokedexUITests.swift */ = {isa = PBXFileReference; lastKnownFileType = sourcecode.swift; path = pokedexUITests.swift; sourceTree = "<group>"; };
		B1F735D5268607BE008AA8C6 /* Info.plist */ = {isa = PBXFileReference; lastKnownFileType = text.plist.xml; path = Info.plist; sourceTree = "<group>"; };
		BD0307A00D72B03B4451D1AC /* Pods_pokedex.framework */ = {isa = PBXFileReference; explicitFileType = wrapper.framework; includeInIndex = 0; path = Pods_pokedex.framework; sourceTree = BUILT_PRODUCTS_DIR; };
		BF12C9809572E3EFDE697AEF /* Pods-pokedex.release.xcconfig */ = {isa = PBXFileReference; includeInIndex = 1; lastKnownFileType = text.xcconfig; name = "Pods-pokedex.release.xcconfig"; path = "Target Support Files/Pods-pokedex/Pods-pokedex.release.xcconfig"; sourceTree = "<group>"; };
		C2893C8E7A0F682A48231159 /* Pods-pokedexTests.release.xcconfig */ = {isa = PBXFileReference; includeInIndex = 1; lastKnownFileType = text.xcconfig; name = "Pods-pokedexTests.release.xcconfig"; path = "Target Support Files/Pods-pokedexTests/Pods-pokedexTests.release.xcconfig"; sourceTree = "<group>"; };
		D30F57ED8DBC5D748A719569 /* Pods-pokedex-pokedexUITests.release.xcconfig */ = {isa = PBXFileReference; includeInIndex = 1; lastKnownFileType = text.xcconfig; name = "Pods-pokedex-pokedexUITests.release.xcconfig"; path = "Target Support Files/Pods-pokedex-pokedexUITests/Pods-pokedex-pokedexUITests.release.xcconfig"; sourceTree = "<group>"; };
		DB683C245D0FD1C648EF717F /* Pods_pokedex_pokedexUITests.framework */ = {isa = PBXFileReference; explicitFileType = wrapper.framework; includeInIndex = 0; path = Pods_pokedex_pokedexUITests.framework; sourceTree = BUILT_PRODUCTS_DIR; };
		DE93DC70FBFF1447E2391559 /* Pods_pokedexTests.framework */ = {isa = PBXFileReference; explicitFileType = wrapper.framework; includeInIndex = 0; path = Pods_pokedexTests.framework; sourceTree = BUILT_PRODUCTS_DIR; };
/* End PBXFileReference section */

/* Begin PBXFrameworksBuildPhase section */
		B1F735AB268607BD008AA8C6 /* Frameworks */ = {
			isa = PBXFrameworksBuildPhase;
			buildActionMask = 2147483647;
			files = (
				B1E1CF11269CE60F009BC800 /* PokemonPokedex.framework in Frameworks */,
				B19D870A26978F0900BC7E09 /* CoreNetworkProtocols.framework in Frameworks */,
				B10D9AEF268FAF8600D7E9C7 /* CoreNetwork.framework in Frameworks */,
				B172D9DE269CDC4D00ED92A4 /* UI.framework in Frameworks */,
				FE7205B6DEF0E2CA83952386 /* Pods_pokedex.framework in Frameworks */,
			);
			runOnlyForDeploymentPostprocessing = 0;
		};
		B1F735C1268607BE008AA8C6 /* Frameworks */ = {
			isa = PBXFrameworksBuildPhase;
			buildActionMask = 2147483647;
			files = (
				AFA27C6D52A720ED7E69CEC4 /* Pods_pokedexTests.framework in Frameworks */,
			);
			runOnlyForDeploymentPostprocessing = 0;
		};
		B1F735CC268607BE008AA8C6 /* Frameworks */ = {
			isa = PBXFrameworksBuildPhase;
			buildActionMask = 2147483647;
			files = (
				31A09F5C4D653F1CE109892D /* Pods_pokedex_pokedexUITests.framework in Frameworks */,
			);
			runOnlyForDeploymentPostprocessing = 0;
		};
/* End PBXFrameworksBuildPhase section */

/* Begin PBXGroup section */
		12490483B3608DF153553855 /* Frameworks */ = {
			isa = PBXGroup;
			children = (
				B1E1CF10269CE60F009BC800 /* PokemonPokedex.framework */,
				B172D9DD269CDC4D00ED92A4 /* UI.framework */,
				B19D870926978F0900BC7E09 /* CoreNetworkProtocols.framework */,
				B10D9AEE268FAF8600D7E9C7 /* CoreNetwork.framework */,
				BD0307A00D72B03B4451D1AC /* Pods_pokedex.framework */,
				DB683C245D0FD1C648EF717F /* Pods_pokedex_pokedexUITests.framework */,
				DE93DC70FBFF1447E2391559 /* Pods_pokedexTests.framework */,
			);
			name = Frameworks;
			sourceTree = "<group>";
		};
		B1E1CF52269CE8CA009BC800 /* Helpers */ = {
			isa = PBXGroup;
			children = (
				B1E1CF53269CE8E3009BC800 /* Injector.swift */,
			);
			path = Helpers;
			sourceTree = "<group>";
		};
		B1F64B80268F4FA6008098F0 /* PokedexTests */ = {
			isa = PBXGroup;
			children = (
				B1F64B81268F5004008098F0 /* GetPokemonListUseCaseTests.swift */,
				B14B0EDF268F686B009F91D3 /* PokemonEntityDumb.swift */,
				B14B0EE4268F818B009F91D3 /* PokedexViewModelTests.swift */,
				B14B0EF1268F9005009F91D3 /* APIPokedexTests.swift */,
			);
			path = PokedexTests;
			sourceTree = "<group>";
		};
		B1F735A5268607BD008AA8C6 = {
			isa = PBXGroup;
			children = (
				B1F735B0268607BD008AA8C6 /* pokedex */,
				B1F735C7268607BE008AA8C6 /* pokedexTests */,
				B1F735D2268607BE008AA8C6 /* pokedexUITests */,
				B1F735AF268607BD008AA8C6 /* Products */,
				C91969F20A33D6C8FD05C0DC /* Pods */,
				12490483B3608DF153553855 /* Frameworks */,
			);
			sourceTree = "<group>";
		};
		B1F735AF268607BD008AA8C6 /* Products */ = {
			isa = PBXGroup;
			children = (
				B1F735AE268607BD008AA8C6 /* pokedex.app */,
				B1F735C4268607BE008AA8C6 /* pokedexTests.xctest */,
				B1F735CF268607BE008AA8C6 /* pokedexUITests.xctest */,
			);
			name = Products;
			sourceTree = "<group>";
		};
		B1F735B0268607BD008AA8C6 /* pokedex */ = {
			isa = PBXGroup;
			children = (
				B1E1CF52269CE8CA009BC800 /* Helpers */,
				B1F735B1268607BD008AA8C6 /* AppDelegate.swift */,
				B1F735B3268607BD008AA8C6 /* SceneDelegate.swift */,
				B1F735B5268607BD008AA8C6 /* ViewController.swift */,
				B1F735B7268607BD008AA8C6 /* Main.storyboard */,
				B1F735BA268607BE008AA8C6 /* Assets.xcassets */,
				B1F735BC268607BE008AA8C6 /* LaunchScreen.storyboard */,
				B1F735BF268607BE008AA8C6 /* Info.plist */,
			);
			path = pokedex;
			sourceTree = "<group>";
		};
		B1F735C7268607BE008AA8C6 /* pokedexTests */ = {
			isa = PBXGroup;
			children = (
				B1F64B80268F4FA6008098F0 /* PokedexTests */,
				B1F735CA268607BE008AA8C6 /* Info.plist */,
			);
			path = pokedexTests;
			sourceTree = "<group>";
		};
		B1F735D2268607BE008AA8C6 /* pokedexUITests */ = {
			isa = PBXGroup;
			children = (
				B1F735D3268607BE008AA8C6 /* pokedexUITests.swift */,
				B1F735D5268607BE008AA8C6 /* Info.plist */,
			);
			path = pokedexUITests;
			sourceTree = "<group>";
		};
		C91969F20A33D6C8FD05C0DC /* Pods */ = {
			isa = PBXGroup;
			children = (
				5FC836820CB83C65879029E8 /* Pods-pokedex.debug.xcconfig */,
				BF12C9809572E3EFDE697AEF /* Pods-pokedex.release.xcconfig */,
				554043A8E0538F766585D2FB /* Pods-pokedex-pokedexUITests.debug.xcconfig */,
				D30F57ED8DBC5D748A719569 /* Pods-pokedex-pokedexUITests.release.xcconfig */,
				10D926C8F39C298851878F60 /* Pods-pokedexTests.debug.xcconfig */,
				C2893C8E7A0F682A48231159 /* Pods-pokedexTests.release.xcconfig */,
			);
			path = Pods;
			sourceTree = "<group>";
		};
/* End PBXGroup section */

/* Begin PBXNativeTarget section */
		B1F735AD268607BD008AA8C6 /* pokedex */ = {
			isa = PBXNativeTarget;
			buildConfigurationList = B1F735D8268607BE008AA8C6 /* Build configuration list for PBXNativeTarget "pokedex" */;
			buildPhases = (
				A0104872982D53F3BB3BC815 /* [CP] Check Pods Manifest.lock */,
				B1F735AA268607BD008AA8C6 /* Sources */,
				B1F735AB268607BD008AA8C6 /* Frameworks */,
				B1F735AC268607BD008AA8C6 /* Resources */,
				B10D9AF1268FAF8600D7E9C7 /* Embed Frameworks */,
			);
			buildRules = (
			);
			dependencies = (
			);
			name = pokedex;
			productName = pokedex;
			productReference = B1F735AE268607BD008AA8C6 /* pokedex.app */;
			productType = "com.apple.product-type.application";
		};
		B1F735C3268607BE008AA8C6 /* pokedexTests */ = {
			isa = PBXNativeTarget;
			buildConfigurationList = B1F735DB268607BE008AA8C6 /* Build configuration list for PBXNativeTarget "pokedexTests" */;
			buildPhases = (
				82C80A33EAD18D7567755489 /* [CP] Check Pods Manifest.lock */,
				B1F735C0268607BE008AA8C6 /* Sources */,
				B1F735C1268607BE008AA8C6 /* Frameworks */,
				B1F735C2268607BE008AA8C6 /* Resources */,
			);
			buildRules = (
			);
			dependencies = (
				B1F735C6268607BE008AA8C6 /* PBXTargetDependency */,
			);
			name = pokedexTests;
			productName = pokedexTests;
			productReference = B1F735C4268607BE008AA8C6 /* pokedexTests.xctest */;
			productType = "com.apple.product-type.bundle.unit-test";
		};
		B1F735CE268607BE008AA8C6 /* pokedexUITests */ = {
			isa = PBXNativeTarget;
			buildConfigurationList = B1F735DE268607BE008AA8C6 /* Build configuration list for PBXNativeTarget "pokedexUITests" */;
			buildPhases = (
				F020ED2C55BE8198E03B56D7 /* [CP] Check Pods Manifest.lock */,
				B1F735CB268607BE008AA8C6 /* Sources */,
				B1F735CC268607BE008AA8C6 /* Frameworks */,
				B1F735CD268607BE008AA8C6 /* Resources */,
			);
			buildRules = (
			);
			dependencies = (
				B1F735D1268607BE008AA8C6 /* PBXTargetDependency */,
			);
			name = pokedexUITests;
			productName = pokedexUITests;
			productReference = B1F735CF268607BE008AA8C6 /* pokedexUITests.xctest */;
			productType = "com.apple.product-type.bundle.ui-testing";
		};
/* End PBXNativeTarget section */

/* Begin PBXProject section */
		B1F735A6268607BD008AA8C6 /* Project object */ = {
			isa = PBXProject;
			attributes = {
				LastSwiftUpdateCheck = 1240;
				LastUpgradeCheck = 1240;
				TargetAttributes = {
					B1F735AD268607BD008AA8C6 = {
						CreatedOnToolsVersion = 12.4;
					};
					B1F735C3268607BE008AA8C6 = {
						CreatedOnToolsVersion = 12.4;
						TestTargetID = B1F735AD268607BD008AA8C6;
					};
					B1F735CE268607BE008AA8C6 = {
						CreatedOnToolsVersion = 12.4;
						TestTargetID = B1F735AD268607BD008AA8C6;
					};
				};
			};
			buildConfigurationList = B1F735A9268607BD008AA8C6 /* Build configuration list for PBXProject "pokedex" */;
			compatibilityVersion = "Xcode 9.3";
			developmentRegion = en;
			hasScannedForEncodings = 0;
			knownRegions = (
				en,
				Base,
			);
			mainGroup = B1F735A5268607BD008AA8C6;
			productRefGroup = B1F735AF268607BD008AA8C6 /* Products */;
			projectDirPath = "";
			projectRoot = "";
			targets = (
				B1F735AD268607BD008AA8C6 /* pokedex */,
				B1F735C3268607BE008AA8C6 /* pokedexTests */,
				B1F735CE268607BE008AA8C6 /* pokedexUITests */,
			);
		};
/* End PBXProject section */

/* Begin PBXResourcesBuildPhase section */
		B1F735AC268607BD008AA8C6 /* Resources */ = {
			isa = PBXResourcesBuildPhase;
			buildActionMask = 2147483647;
			files = (
				B1F735BE268607BE008AA8C6 /* LaunchScreen.storyboard in Resources */,
				B1F735BB268607BE008AA8C6 /* Assets.xcassets in Resources */,
				B1F735B9268607BD008AA8C6 /* Main.storyboard in Resources */,
			);
			runOnlyForDeploymentPostprocessing = 0;
		};
		B1F735C2268607BE008AA8C6 /* Resources */ = {
			isa = PBXResourcesBuildPhase;
			buildActionMask = 2147483647;
			files = (
			);
			runOnlyForDeploymentPostprocessing = 0;
		};
		B1F735CD268607BE008AA8C6 /* Resources */ = {
			isa = PBXResourcesBuildPhase;
			buildActionMask = 2147483647;
			files = (
			);
			runOnlyForDeploymentPostprocessing = 0;
		};
/* End PBXResourcesBuildPhase section */

/* Begin PBXShellScriptBuildPhase section */
		82C80A33EAD18D7567755489 /* [CP] Check Pods Manifest.lock */ = {
			isa = PBXShellScriptBuildPhase;
			buildActionMask = 2147483647;
			files = (
			);
			inputFileListPaths = (
			);
			inputPaths = (
				"${PODS_PODFILE_DIR_PATH}/Podfile.lock",
				"${PODS_ROOT}/Manifest.lock",
			);
			name = "[CP] Check Pods Manifest.lock";
			outputFileListPaths = (
			);
			outputPaths = (
				"$(DERIVED_FILE_DIR)/Pods-pokedexTests-checkManifestLockResult.txt",
			);
			runOnlyForDeploymentPostprocessing = 0;
			shellPath = /bin/sh;
			shellScript = "diff \"${PODS_PODFILE_DIR_PATH}/Podfile.lock\" \"${PODS_ROOT}/Manifest.lock\" > /dev/null\nif [ $? != 0 ] ; then\n    # print error to STDERR\n    echo \"error: The sandbox is not in sync with the Podfile.lock. Run 'pod install' or update your CocoaPods installation.\" >&2\n    exit 1\nfi\n# This output is used by Xcode 'outputs' to avoid re-running this script phase.\necho \"SUCCESS\" > \"${SCRIPT_OUTPUT_FILE_0}\"\n";
			showEnvVarsInLog = 0;
		};
		A0104872982D53F3BB3BC815 /* [CP] Check Pods Manifest.lock */ = {
			isa = PBXShellScriptBuildPhase;
			buildActionMask = 2147483647;
			files = (
			);
			inputFileListPaths = (
			);
			inputPaths = (
				"${PODS_PODFILE_DIR_PATH}/Podfile.lock",
				"${PODS_ROOT}/Manifest.lock",
			);
			name = "[CP] Check Pods Manifest.lock";
			outputFileListPaths = (
			);
			outputPaths = (
				"$(DERIVED_FILE_DIR)/Pods-pokedex-checkManifestLockResult.txt",
			);
			runOnlyForDeploymentPostprocessing = 0;
			shellPath = /bin/sh;
			shellScript = "diff \"${PODS_PODFILE_DIR_PATH}/Podfile.lock\" \"${PODS_ROOT}/Manifest.lock\" > /dev/null\nif [ $? != 0 ] ; then\n    # print error to STDERR\n    echo \"error: The sandbox is not in sync with the Podfile.lock. Run 'pod install' or update your CocoaPods installation.\" >&2\n    exit 1\nfi\n# This output is used by Xcode 'outputs' to avoid re-running this script phase.\necho \"SUCCESS\" > \"${SCRIPT_OUTPUT_FILE_0}\"\n";
			showEnvVarsInLog = 0;
		};
		F020ED2C55BE8198E03B56D7 /* [CP] Check Pods Manifest.lock */ = {
			isa = PBXShellScriptBuildPhase;
			buildActionMask = 2147483647;
			files = (
			);
			inputFileListPaths = (
			);
			inputPaths = (
				"${PODS_PODFILE_DIR_PATH}/Podfile.lock",
				"${PODS_ROOT}/Manifest.lock",
			);
			name = "[CP] Check Pods Manifest.lock";
			outputFileListPaths = (
			);
			outputPaths = (
				"$(DERIVED_FILE_DIR)/Pods-pokedex-pokedexUITests-checkManifestLockResult.txt",
			);
			runOnlyForDeploymentPostprocessing = 0;
			shellPath = /bin/sh;
			shellScript = "diff \"${PODS_PODFILE_DIR_PATH}/Podfile.lock\" \"${PODS_ROOT}/Manifest.lock\" > /dev/null\nif [ $? != 0 ] ; then\n    # print error to STDERR\n    echo \"error: The sandbox is not in sync with the Podfile.lock. Run 'pod install' or update your CocoaPods installation.\" >&2\n    exit 1\nfi\n# This output is used by Xcode 'outputs' to avoid re-running this script phase.\necho \"SUCCESS\" > \"${SCRIPT_OUTPUT_FILE_0}\"\n";
			showEnvVarsInLog = 0;
		};
/* End PBXShellScriptBuildPhase section */

/* Begin PBXSourcesBuildPhase section */
		B1F735AA268607BD008AA8C6 /* Sources */ = {
			isa = PBXSourcesBuildPhase;
			buildActionMask = 2147483647;
			files = (
				B1F735B6268607BD008AA8C6 /* ViewController.swift in Sources */,
				B1F735B2268607BD008AA8C6 /* AppDelegate.swift in Sources */,
				B1E1CF54269CE8E3009BC800 /* Injector.swift in Sources */,
				B1F735B4268607BD008AA8C6 /* SceneDelegate.swift in Sources */,
			);
			runOnlyForDeploymentPostprocessing = 0;
		};
		B1F735C0268607BE008AA8C6 /* Sources */ = {
			isa = PBXSourcesBuildPhase;
			buildActionMask = 2147483647;
			files = (
				B1F64B82268F5004008098F0 /* GetPokemonListUseCaseTests.swift in Sources */,
				B14B0EE5268F818B009F91D3 /* PokedexViewModelTests.swift in Sources */,
				B14B0EF2268F9005009F91D3 /* APIPokedexTests.swift in Sources */,
				B14B0EE0268F686C009F91D3 /* PokemonEntityDumb.swift in Sources */,
			);
			runOnlyForDeploymentPostprocessing = 0;
		};
		B1F735CB268607BE008AA8C6 /* Sources */ = {
			isa = PBXSourcesBuildPhase;
			buildActionMask = 2147483647;
			files = (
				B1F735D4268607BE008AA8C6 /* pokedexUITests.swift in Sources */,
			);
			runOnlyForDeploymentPostprocessing = 0;
		};
/* End PBXSourcesBuildPhase section */

/* Begin PBXTargetDependency section */
		B1F735C6268607BE008AA8C6 /* PBXTargetDependency */ = {
			isa = PBXTargetDependency;
			target = B1F735AD268607BD008AA8C6 /* pokedex */;
			targetProxy = B1F735C5268607BE008AA8C6 /* PBXContainerItemProxy */;
		};
		B1F735D1268607BE008AA8C6 /* PBXTargetDependency */ = {
			isa = PBXTargetDependency;
			target = B1F735AD268607BD008AA8C6 /* pokedex */;
			targetProxy = B1F735D0268607BE008AA8C6 /* PBXContainerItemProxy */;
		};
/* End PBXTargetDependency section */

/* Begin PBXVariantGroup section */
		B1F735B7268607BD008AA8C6 /* Main.storyboard */ = {
			isa = PBXVariantGroup;
			children = (
				B1F735B8268607BD008AA8C6 /* Base */,
			);
			name = Main.storyboard;
			sourceTree = "<group>";
		};
		B1F735BC268607BE008AA8C6 /* LaunchScreen.storyboard */ = {
			isa = PBXVariantGroup;
			children = (
				B1F735BD268607BE008AA8C6 /* Base */,
			);
			name = LaunchScreen.storyboard;
			sourceTree = "<group>";
		};
/* End PBXVariantGroup section */

/* Begin XCBuildConfiguration section */
		B1F735D6268607BE008AA8C6 /* Debug */ = {
			isa = XCBuildConfiguration;
			buildSettings = {
				ALWAYS_SEARCH_USER_PATHS = NO;
				CLANG_ANALYZER_NONNULL = YES;
				CLANG_ANALYZER_NUMBER_OBJECT_CONVERSION = YES_AGGRESSIVE;
				CLANG_CXX_LANGUAGE_STANDARD = "gnu++14";
				CLANG_CXX_LIBRARY = "libc++";
				CLANG_ENABLE_MODULES = YES;
				CLANG_ENABLE_OBJC_ARC = YES;
				CLANG_ENABLE_OBJC_WEAK = YES;
				CLANG_WARN_BLOCK_CAPTURE_AUTORELEASING = YES;
				CLANG_WARN_BOOL_CONVERSION = YES;
				CLANG_WARN_COMMA = YES;
				CLANG_WARN_CONSTANT_CONVERSION = YES;
				CLANG_WARN_DEPRECATED_OBJC_IMPLEMENTATIONS = YES;
				CLANG_WARN_DIRECT_OBJC_ISA_USAGE = YES_ERROR;
				CLANG_WARN_DOCUMENTATION_COMMENTS = YES;
				CLANG_WARN_EMPTY_BODY = YES;
				CLANG_WARN_ENUM_CONVERSION = YES;
				CLANG_WARN_INFINITE_RECURSION = YES;
				CLANG_WARN_INT_CONVERSION = YES;
				CLANG_WARN_NON_LITERAL_NULL_CONVERSION = YES;
				CLANG_WARN_OBJC_IMPLICIT_RETAIN_SELF = YES;
				CLANG_WARN_OBJC_LITERAL_CONVERSION = YES;
				CLANG_WARN_OBJC_ROOT_CLASS = YES_ERROR;
				CLANG_WARN_QUOTED_INCLUDE_IN_FRAMEWORK_HEADER = YES;
				CLANG_WARN_RANGE_LOOP_ANALYSIS = YES;
				CLANG_WARN_STRICT_PROTOTYPES = YES;
				CLANG_WARN_SUSPICIOUS_MOVE = YES;
				CLANG_WARN_UNGUARDED_AVAILABILITY = YES_AGGRESSIVE;
				CLANG_WARN_UNREACHABLE_CODE = YES;
				CLANG_WARN__DUPLICATE_METHOD_MATCH = YES;
				COPY_PHASE_STRIP = NO;
				DEBUG_INFORMATION_FORMAT = dwarf;
				ENABLE_STRICT_OBJC_MSGSEND = YES;
				ENABLE_TESTABILITY = YES;
				GCC_C_LANGUAGE_STANDARD = gnu11;
				GCC_DYNAMIC_NO_PIC = NO;
				GCC_NO_COMMON_BLOCKS = YES;
				GCC_OPTIMIZATION_LEVEL = 0;
				GCC_PREPROCESSOR_DEFINITIONS = (
					"DEBUG=1",
					"$(inherited)",
				);
				GCC_WARN_64_TO_32_BIT_CONVERSION = YES;
				GCC_WARN_ABOUT_RETURN_TYPE = YES_ERROR;
				GCC_WARN_UNDECLARED_SELECTOR = YES;
				GCC_WARN_UNINITIALIZED_AUTOS = YES_AGGRESSIVE;
				GCC_WARN_UNUSED_FUNCTION = YES;
				GCC_WARN_UNUSED_VARIABLE = YES;
				IPHONEOS_DEPLOYMENT_TARGET = 14.4;
				MTL_ENABLE_DEBUG_INFO = INCLUDE_SOURCE;
				MTL_FAST_MATH = YES;
				ONLY_ACTIVE_ARCH = YES;
				SDKROOT = iphoneos;
				SWIFT_ACTIVE_COMPILATION_CONDITIONS = DEBUG;
				SWIFT_OPTIMIZATION_LEVEL = "-Onone";
			};
			name = Debug;
		};
		B1F735D7268607BE008AA8C6 /* Release */ = {
			isa = XCBuildConfiguration;
			buildSettings = {
				ALWAYS_SEARCH_USER_PATHS = NO;
				CLANG_ANALYZER_NONNULL = YES;
				CLANG_ANALYZER_NUMBER_OBJECT_CONVERSION = YES_AGGRESSIVE;
				CLANG_CXX_LANGUAGE_STANDARD = "gnu++14";
				CLANG_CXX_LIBRARY = "libc++";
				CLANG_ENABLE_MODULES = YES;
				CLANG_ENABLE_OBJC_ARC = YES;
				CLANG_ENABLE_OBJC_WEAK = YES;
				CLANG_WARN_BLOCK_CAPTURE_AUTORELEASING = YES;
				CLANG_WARN_BOOL_CONVERSION = YES;
				CLANG_WARN_COMMA = YES;
				CLANG_WARN_CONSTANT_CONVERSION = YES;
				CLANG_WARN_DEPRECATED_OBJC_IMPLEMENTATIONS = YES;
				CLANG_WARN_DIRECT_OBJC_ISA_USAGE = YES_ERROR;
				CLANG_WARN_DOCUMENTATION_COMMENTS = YES;
				CLANG_WARN_EMPTY_BODY = YES;
				CLANG_WARN_ENUM_CONVERSION = YES;
				CLANG_WARN_INFINITE_RECURSION = YES;
				CLANG_WARN_INT_CONVERSION = YES;
				CLANG_WARN_NON_LITERAL_NULL_CONVERSION = YES;
				CLANG_WARN_OBJC_IMPLICIT_RETAIN_SELF = YES;
				CLANG_WARN_OBJC_LITERAL_CONVERSION = YES;
				CLANG_WARN_OBJC_ROOT_CLASS = YES_ERROR;
				CLANG_WARN_QUOTED_INCLUDE_IN_FRAMEWORK_HEADER = YES;
				CLANG_WARN_RANGE_LOOP_ANALYSIS = YES;
				CLANG_WARN_STRICT_PROTOTYPES = YES;
				CLANG_WARN_SUSPICIOUS_MOVE = YES;
				CLANG_WARN_UNGUARDED_AVAILABILITY = YES_AGGRESSIVE;
				CLANG_WARN_UNREACHABLE_CODE = YES;
				CLANG_WARN__DUPLICATE_METHOD_MATCH = YES;
				COPY_PHASE_STRIP = NO;
				DEBUG_INFORMATION_FORMAT = "dwarf-with-dsym";
				ENABLE_NS_ASSERTIONS = NO;
				ENABLE_STRICT_OBJC_MSGSEND = YES;
				GCC_C_LANGUAGE_STANDARD = gnu11;
				GCC_NO_COMMON_BLOCKS = YES;
				GCC_WARN_64_TO_32_BIT_CONVERSION = YES;
				GCC_WARN_ABOUT_RETURN_TYPE = YES_ERROR;
				GCC_WARN_UNDECLARED_SELECTOR = YES;
				GCC_WARN_UNINITIALIZED_AUTOS = YES_AGGRESSIVE;
				GCC_WARN_UNUSED_FUNCTION = YES;
				GCC_WARN_UNUSED_VARIABLE = YES;
				IPHONEOS_DEPLOYMENT_TARGET = 14.4;
				MTL_ENABLE_DEBUG_INFO = NO;
				MTL_FAST_MATH = YES;
				SDKROOT = iphoneos;
				SWIFT_COMPILATION_MODE = wholemodule;
				SWIFT_OPTIMIZATION_LEVEL = "-O";
				VALIDATE_PRODUCT = YES;
			};
			name = Release;
		};
		B1F735D9268607BE008AA8C6 /* Debug */ = {
			isa = XCBuildConfiguration;
			baseConfigurationReference = 5FC836820CB83C65879029E8 /* Pods-pokedex.debug.xcconfig */;
			buildSettings = {
				ASSETCATALOG_COMPILER_APPICON_NAME = AppIcon;
				ASSETCATALOG_COMPILER_GLOBAL_ACCENT_COLOR_NAME = AccentColor;
				CODE_SIGN_STYLE = Automatic;
				INFOPLIST_FILE = pokedex/Info.plist;
				LD_RUNPATH_SEARCH_PATHS = (
					"$(inherited)",
					"@executable_path/Frameworks",
				);
				PRODUCT_BUNDLE_IDENTIFIER = com.study.pokedex;
				PRODUCT_NAME = "$(TARGET_NAME)";
				SWIFT_VERSION = 5.0;
				TARGETED_DEVICE_FAMILY = "1,2";
			};
			name = Debug;
		};
		B1F735DA268607BE008AA8C6 /* Release */ = {
			isa = XCBuildConfiguration;
			baseConfigurationReference = BF12C9809572E3EFDE697AEF /* Pods-pokedex.release.xcconfig */;
			buildSettings = {
				ASSETCATALOG_COMPILER_APPICON_NAME = AppIcon;
				ASSETCATALOG_COMPILER_GLOBAL_ACCENT_COLOR_NAME = AccentColor;
				CODE_SIGN_STYLE = Automatic;
				INFOPLIST_FILE = pokedex/Info.plist;
				LD_RUNPATH_SEARCH_PATHS = (
					"$(inherited)",
					"@executable_path/Frameworks",
				);
				PRODUCT_BUNDLE_IDENTIFIER = com.study.pokedex;
				PRODUCT_NAME = "$(TARGET_NAME)";
				SWIFT_VERSION = 5.0;
				TARGETED_DEVICE_FAMILY = "1,2";
			};
			name = Release;
		};
		B1F735DC268607BE008AA8C6 /* Debug */ = {
			isa = XCBuildConfiguration;
			baseConfigurationReference = 10D926C8F39C298851878F60 /* Pods-pokedexTests.debug.xcconfig */;
			buildSettings = {
				ALWAYS_EMBED_SWIFT_STANDARD_LIBRARIES = YES;
				BUNDLE_LOADER = "$(TEST_HOST)";
				CODE_SIGN_STYLE = Automatic;
				INFOPLIST_FILE = pokedexTests/Info.plist;
				IPHONEOS_DEPLOYMENT_TARGET = 14.4;
				LD_RUNPATH_SEARCH_PATHS = (
					"$(inherited)",
					"@executable_path/Frameworks",
					"@loader_path/Frameworks",
				);
				PRODUCT_BUNDLE_IDENTIFIER = com.study.pokedexTests;
				PRODUCT_NAME = "$(TARGET_NAME)";
				SWIFT_VERSION = 5.0;
				TARGETED_DEVICE_FAMILY = "1,2";
				TEST_HOST = "$(BUILT_PRODUCTS_DIR)/pokedex.app/pokedex";
			};
			name = Debug;
		};
		B1F735DD268607BE008AA8C6 /* Release */ = {
			isa = XCBuildConfiguration;
			baseConfigurationReference = C2893C8E7A0F682A48231159 /* Pods-pokedexTests.release.xcconfig */;
			buildSettings = {
				ALWAYS_EMBED_SWIFT_STANDARD_LIBRARIES = YES;
				BUNDLE_LOADER = "$(TEST_HOST)";
				CODE_SIGN_STYLE = Automatic;
				INFOPLIST_FILE = pokedexTests/Info.plist;
				IPHONEOS_DEPLOYMENT_TARGET = 14.4;
				LD_RUNPATH_SEARCH_PATHS = (
					"$(inherited)",
					"@executable_path/Frameworks",
					"@loader_path/Frameworks",
				);
				PRODUCT_BUNDLE_IDENTIFIER = com.study.pokedexTests;
				PRODUCT_NAME = "$(TARGET_NAME)";
				SWIFT_VERSION = 5.0;
				TARGETED_DEVICE_FAMILY = "1,2";
				TEST_HOST = "$(BUILT_PRODUCTS_DIR)/pokedex.app/pokedex";
			};
			name = Release;
		};
		B1F735DF268607BE008AA8C6 /* Debug */ = {
			isa = XCBuildConfiguration;
			baseConfigurationReference = 554043A8E0538F766585D2FB /* Pods-pokedex-pokedexUITests.debug.xcconfig */;
			buildSettings = {
				ALWAYS_EMBED_SWIFT_STANDARD_LIBRARIES = YES;
				CODE_SIGN_STYLE = Automatic;
				INFOPLIST_FILE = pokedexUITests/Info.plist;
				LD_RUNPATH_SEARCH_PATHS = (
					"$(inherited)",
					"@executable_path/Frameworks",
					"@loader_path/Frameworks",
				);
				PRODUCT_BUNDLE_IDENTIFIER = com.study.pokedexUITests;
				PRODUCT_NAME = "$(TARGET_NAME)";
				SWIFT_VERSION = 5.0;
				TARGETED_DEVICE_FAMILY = "1,2";
				TEST_TARGET_NAME = pokedex;
			};
			name = Debug;
		};
		B1F735E0268607BE008AA8C6 /* Release */ = {
			isa = XCBuildConfiguration;
			baseConfigurationReference = D30F57ED8DBC5D748A719569 /* Pods-pokedex-pokedexUITests.release.xcconfig */;
			buildSettings = {
				ALWAYS_EMBED_SWIFT_STANDARD_LIBRARIES = YES;
				CODE_SIGN_STYLE = Automatic;
				INFOPLIST_FILE = pokedexUITests/Info.plist;
				LD_RUNPATH_SEARCH_PATHS = (
					"$(inherited)",
					"@executable_path/Frameworks",
					"@loader_path/Frameworks",
				);
				PRODUCT_BUNDLE_IDENTIFIER = com.study.pokedexUITests;
				PRODUCT_NAME = "$(TARGET_NAME)";
				SWIFT_VERSION = 5.0;
				TARGETED_DEVICE_FAMILY = "1,2";
				TEST_TARGET_NAME = pokedex;
			};
			name = Release;
		};
/* End XCBuildConfiguration section */

/* Begin XCConfigurationList section */
		B1F735A9268607BD008AA8C6 /* Build configuration list for PBXProject "pokedex" */ = {
			isa = XCConfigurationList;
			buildConfigurations = (
				B1F735D6268607BE008AA8C6 /* Debug */,
				B1F735D7268607BE008AA8C6 /* Release */,
			);
			defaultConfigurationIsVisible = 0;
			defaultConfigurationName = Release;
		};
		B1F735D8268607BE008AA8C6 /* Build configuration list for PBXNativeTarget "pokedex" */ = {
			isa = XCConfigurationList;
			buildConfigurations = (
				B1F735D9268607BE008AA8C6 /* Debug */,
				B1F735DA268607BE008AA8C6 /* Release */,
			);
			defaultConfigurationIsVisible = 0;
			defaultConfigurationName = Release;
		};
		B1F735DB268607BE008AA8C6 /* Build configuration list for PBXNativeTarget "pokedexTests" */ = {
			isa = XCConfigurationList;
			buildConfigurations = (
				B1F735DC268607BE008AA8C6 /* Debug */,
				B1F735DD268607BE008AA8C6 /* Release */,
			);
			defaultConfigurationIsVisible = 0;
			defaultConfigurationName = Release;
		};
		B1F735DE268607BE008AA8C6 /* Build configuration list for PBXNativeTarget "pokedexUITests" */ = {
			isa = XCConfigurationList;
			buildConfigurations = (
				B1F735DF268607BE008AA8C6 /* Debug */,
				B1F735E0268607BE008AA8C6 /* Release */,
			);
			defaultConfigurationIsVisible = 0;
			defaultConfigurationName = Release;
		};
/* End XCConfigurationList section */
	};
	rootObject = B1F735A6268607BD008AA8C6 /* Project object */;
}
