// !$*UTF8*$!
{
	archiveVersion = 1;
	classes = {
	};
	objectVersion = 50;
	objects = {

/* Begin PBXBuildFile section */
		B114A1732686109A0008C42B /* PokedexViewController.swift in Sources */ = {isa = PBXBuildFile; fileRef = B114A1722686109A0008C42B /* PokedexViewController.swift */; };
		B114A179268610D20008C42B /* ViewConfiguration.swift in Sources */ = {isa = PBXBuildFile; fileRef = B114A178268610D20008C42B /* ViewConfiguration.swift */; };
		B1F735B2268607BD008AA8C6 /* AppDelegate.swift in Sources */ = {isa = PBXBuildFile; fileRef = B1F735B1268607BD008AA8C6 /* AppDelegate.swift */; };
		B1F735B4268607BD008AA8C6 /* SceneDelegate.swift in Sources */ = {isa = PBXBuildFile; fileRef = B1F735B3268607BD008AA8C6 /* SceneDelegate.swift */; };
		B1F735B6268607BD008AA8C6 /* ViewController.swift in Sources */ = {isa = PBXBuildFile; fileRef = B1F735B5268607BD008AA8C6 /* ViewController.swift */; };
		B1F735B9268607BD008AA8C6 /* Main.storyboard in Resources */ = {isa = PBXBuildFile; fileRef = B1F735B7268607BD008AA8C6 /* Main.storyboard */; };
		B1F735BB268607BE008AA8C6 /* Assets.xcassets in Resources */ = {isa = PBXBuildFile; fileRef = B1F735BA268607BE008AA8C6 /* Assets.xcassets */; };
		B1F735BE268607BE008AA8C6 /* LaunchScreen.storyboard in Resources */ = {isa = PBXBuildFile; fileRef = B1F735BC268607BE008AA8C6 /* LaunchScreen.storyboard */; };
		B1F735C9268607BE008AA8C6 /* pokedexTests.swift in Sources */ = {isa = PBXBuildFile; fileRef = B1F735C8268607BE008AA8C6 /* pokedexTests.swift */; };
		B1F735D4268607BE008AA8C6 /* pokedexUITests.swift in Sources */ = {isa = PBXBuildFile; fileRef = B1F735D3268607BE008AA8C6 /* pokedexUITests.swift */; };
/* End PBXBuildFile section */

/* Begin PBXContainerItemProxy section */
		B1F735C5268607BE008AA8C6 /* PBXContainerItemProxy */ = {
			isa = PBXContainerItemProxy;
			containerPortal = B1F735A6268607BD008AA8C6 /* Project object */;
			proxyType = 1;
			remoteGlobalIDString = B1F735AD268607BD008AA8C6;
			remoteInfo = pokedex;
		};
		B1F735D0268607BE008AA8C6 /* PBXContainerItemProxy */ = {
			isa = PBXContainerItemProxy;
			containerPortal = B1F735A6268607BD008AA8C6 /* Project object */;
			proxyType = 1;
			remoteGlobalIDString = B1F735AD268607BD008AA8C6;
			remoteInfo = pokedex;
		};
/* End PBXContainerItemProxy section */

/* Begin PBXFileReference section */
		B114A1722686109A0008C42B /* PokedexViewController.swift */ = {isa = PBXFileReference; lastKnownFileType = sourcecode.swift; path = PokedexViewController.swift; sourceTree = "<group>"; };
		B114A178268610D20008C42B /* ViewConfiguration.swift */ = {isa = PBXFileReference; lastKnownFileType = sourcecode.swift; path = ViewConfiguration.swift; sourceTree = "<group>"; };
		B1F735AE268607BD008AA8C6 /* pokedex.app */ = {isa = PBXFileReference; explicitFileType = wrapper.application; includeInIndex = 0; path = pokedex.app; sourceTree = BUILT_PRODUCTS_DIR; };
		B1F735B1268607BD008AA8C6 /* AppDelegate.swift */ = {isa = PBXFileReference; lastKnownFileType = sourcecode.swift; path = AppDelegate.swift; sourceTree = "<group>"; };
		B1F735B3268607BD008AA8C6 /* SceneDelegate.swift */ = {isa = PBXFileReference; lastKnownFileType = sourcecode.swift; path = SceneDelegate.swift; sourceTree = "<group>"; };
		B1F735B5268607BD008AA8C6 /* ViewController.swift */ = {isa = PBXFileReference; lastKnownFileType = sourcecode.swift; path = ViewController.swift; sourceTree = "<group>"; };
		B1F735B8268607BD008AA8C6 /* Base */ = {isa = PBXFileReference; lastKnownFileType = file.storyboard; name = Base; path = Base.lproj/Main.storyboard; sourceTree = "<group>"; };
		B1F735BA268607BE008AA8C6 /* Assets.xcassets */ = {isa = PBXFileReference; lastKnownFileType = folder.assetcatalog; path = Assets.xcassets; sourceTree = "<group>"; };
		B1F735BD268607BE008AA8C6 /* Base */ = {isa = PBXFileReference; lastKnownFileType = file.storyboard; name = Base; path = Base.lproj/LaunchScreen.storyboard; sourceTree = "<group>"; };
		B1F735BF268607BE008AA8C6 /* Info.plist */ = {isa = PBXFileReference; lastKnownFileType = text.plist.xml; path = Info.plist; sourceTree = "<group>"; };
		B1F735C4268607BE008AA8C6 /* pokedexTests.xctest */ = {isa = PBXFileReference; explicitFileType = wrapper.cfbundle; includeInIndex = 0; path = pokedexTests.xctest; sourceTree = BUILT_PRODUCTS_DIR; };
		B1F735C8268607BE008AA8C6 /* pokedexTests.swift */ = {isa = PBXFileReference; lastKnownFileType = sourcecode.swift; path = pokedexTests.swift; sourceTree = "<group>"; };
		B1F735CA268607BE008AA8C6 /* Info.plist */ = {isa = PBXFileReference; lastKnownFileType = text.plist.xml; path = Info.plist; sourceTree = "<group>"; };
		B1F735CF268607BE008AA8C6 /* pokedexUITests.xctest */ = {isa = PBXFileReference; explicitFileType = wrapper.cfbundle; includeInIndex = 0; path = pokedexUITests.xctest; sourceTree = BUILT_PRODUCTS_DIR; };
		B1F735D3268607BE008AA8C6 /* pokedexUITests.swift */ = {isa = PBXFileReference; lastKnownFileType = sourcecode.swift; path = pokedexUITests.swift; sourceTree = "<group>"; };
		B1F735D5268607BE008AA8C6 /* Info.plist */ = {isa = PBXFileReference; lastKnownFileType = text.plist.xml; path = Info.plist; sourceTree = "<group>"; };
/* End PBXFileReference section */

/* Begin PBXFrameworksBuildPhase section */
		B1F735AB268607BD008AA8C6 /* Frameworks */ = {
			isa = PBXFrameworksBuildPhase;
			buildActionMask = 2147483647;
			files = (
			);
			runOnlyForDeploymentPostprocessing = 0;
		};
		B1F735C1268607BE008AA8C6 /* Frameworks */ = {
			isa = PBXFrameworksBuildPhase;
			buildActionMask = 2147483647;
			files = (
			);
			runOnlyForDeploymentPostprocessing = 0;
		};
		B1F735CC268607BE008AA8C6 /* Frameworks */ = {
			isa = PBXFrameworksBuildPhase;
			buildActionMask = 2147483647;
			files = (
			);
			runOnlyForDeploymentPostprocessing = 0;
		};
/* End PBXFrameworksBuildPhase section */

/* Begin PBXGroup section */
		B114A16726860E510008C42B /* Scenes */ = {
			isa = PBXGroup;
			children = (
				B114A16826860E570008C42B /* Pokedex */,
			);
			path = Scenes;
			sourceTree = "<group>";
		};
		B114A16826860E570008C42B /* Pokedex */ = {
			isa = PBXGroup;
			children = (
				B114A16B26860E7F0008C42B /* Data */,
				B114A16A26860E700008C42B /* Presentation */,
				B114A16926860E620008C42B /* Domain */,
			);
			path = Pokedex;
			sourceTree = "<group>";
		};
		B114A16926860E620008C42B /* Domain */ = {
			isa = PBXGroup;
			children = (
				B114A16E26860F4D0008C42B /* Interfaces */,
				B114A16D26860F380008C42B /* UseCases */,
				B114A16C26860F300008C42B /* Entities */,
			);
			path = Domain;
			sourceTree = "<group>";
		};
		B114A16A26860E700008C42B /* Presentation */ = {
			isa = PBXGroup;
			children = (
				B114A17026860FA70008C42B /* View */,
				B114A16F26860FA00008C42B /* ViewModel */,
			);
			path = Presentation;
			sourceTree = "<group>";
		};
		B114A16B26860E7F0008C42B /* Data */ = {
			isa = PBXGroup;
			children = (
				B114A17126860FD40008C42B /* Network */,
			);
			path = Data;
			sourceTree = "<group>";
		};
		B114A16C26860F300008C42B /* Entities */ = {
			isa = PBXGroup;
			children = (
			);
			path = Entities;
			sourceTree = "<group>";
		};
		B114A16D26860F380008C42B /* UseCases */ = {
			isa = PBXGroup;
			children = (
			);
			path = UseCases;
			sourceTree = "<group>";
		};
		B114A16E26860F4D0008C42B /* Interfaces */ = {
			isa = PBXGroup;
			children = (
			);
			path = Interfaces;
			sourceTree = "<group>";
		};
		B114A16F26860FA00008C42B /* ViewModel */ = {
			isa = PBXGroup;
			children = (
			);
			path = ViewModel;
			sourceTree = "<group>";
		};
		B114A17026860FA70008C42B /* View */ = {
			isa = PBXGroup;
			children = (
				B114A1722686109A0008C42B /* PokedexViewController.swift */,
			);
			path = View;
			sourceTree = "<group>";
		};
		B114A17126860FD40008C42B /* Network */ = {
			isa = PBXGroup;
			children = (
			);
			path = Network;
			sourceTree = "<group>";
		};
		B114A177268610B20008C42B /* Helpers */ = {
			isa = PBXGroup;
			children = (
				B114A178268610D20008C42B /* ViewConfiguration.swift */,
			);
			path = Helpers;
			sourceTree = "<group>";
		};
		B1F735A5268607BD008AA8C6 = {
			isa = PBXGroup;
			children = (
				B1F735B0268607BD008AA8C6 /* pokedex */,
				B1F735C7268607BE008AA8C6 /* pokedexTests */,
				B1F735D2268607BE008AA8C6 /* pokedexUITests */,
				B1F735AF268607BD008AA8C6 /* Products */,
			);
			sourceTree = "<group>";
		};
		B1F735AF268607BD008AA8C6 /* Products */ = {
			isa = PBXGroup;
			children = (
				B1F735AE268607BD008AA8C6 /* pokedex.app */,
				B1F735C4268607BE008AA8C6 /* pokedexTests.xctest */,
				B1F735CF268607BE008AA8C6 /* pokedexUITests.xctest */,
			);
			name = Products;
			sourceTree = "<group>";
		};
		B1F735B0268607BD008AA8C6 /* pokedex */ = {
			isa = PBXGroup;
			children = (
				B114A177268610B20008C42B /* Helpers */,
				B114A16726860E510008C42B /* Scenes */,
				B1F735B1268607BD008AA8C6 /* AppDelegate.swift */,
				B1F735B3268607BD008AA8C6 /* SceneDelegate.swift */,
				B1F735B5268607BD008AA8C6 /* ViewController.swift */,
				B1F735B7268607BD008AA8C6 /* Main.storyboard */,
				B1F735BA268607BE008AA8C6 /* Assets.xcassets */,
				B1F735BC268607BE008AA8C6 /* LaunchScreen.storyboard */,
				B1F735BF268607BE008AA8C6 /* Info.plist */,
			);
			path = pokedex;
			sourceTree = "<group>";
		};
		B1F735C7268607BE008AA8C6 /* pokedexTests */ = {
			isa = PBXGroup;
			children = (
				B1F735C8268607BE008AA8C6 /* pokedexTests.swift */,
				B1F735CA268607BE008AA8C6 /* Info.plist */,
			);
			path = pokedexTests;
			sourceTree = "<group>";
		};
		B1F735D2268607BE008AA8C6 /* pokedexUITests */ = {
			isa = PBXGroup;
			children = (
				B1F735D3268607BE008AA8C6 /* pokedexUITests.swift */,
				B1F735D5268607BE008AA8C6 /* Info.plist */,
			);
			path = pokedexUITests;
			sourceTree = "<group>";
		};
/* End PBXGroup section */

/* Begin PBXNativeTarget section */
		B1F735AD268607BD008AA8C6 /* pokedex */ = {
			isa = PBXNativeTarget;
			buildConfigurationList = B1F735D8268607BE008AA8C6 /* Build configuration list for PBXNativeTarget "pokedex" */;
			buildPhases = (
				B1F735AA268607BD008AA8C6 /* Sources */,
				B1F735AB268607BD008AA8C6 /* Frameworks */,
				B1F735AC268607BD008AA8C6 /* Resources */,
			);
			buildRules = (
			);
			dependencies = (
			);
			name = pokedex;
			productName = pokedex;
			productReference = B1F735AE268607BD008AA8C6 /* pokedex.app */;
			productType = "com.apple.product-type.application";
		};
		B1F735C3268607BE008AA8C6 /* pokedexTests */ = {
			isa = PBXNativeTarget;
			buildConfigurationList = B1F735DB268607BE008AA8C6 /* Build configuration list for PBXNativeTarget "pokedexTests" */;
			buildPhases = (
				B1F735C0268607BE008AA8C6 /* Sources */,
				B1F735C1268607BE008AA8C6 /* Frameworks */,
				B1F735C2268607BE008AA8C6 /* Resources */,
			);
			buildRules = (
			);
			dependencies = (
				B1F735C6268607BE008AA8C6 /* PBXTargetDependency */,
			);
			name = pokedexTests;
			productName = pokedexTests;
			productReference = B1F735C4268607BE008AA8C6 /* pokedexTests.xctest */;
			productType = "com.apple.product-type.bundle.unit-test";
		};
		B1F735CE268607BE008AA8C6 /* pokedexUITests */ = {
			isa = PBXNativeTarget;
			buildConfigurationList = B1F735DE268607BE008AA8C6 /* Build configuration list for PBXNativeTarget "pokedexUITests" */;
			buildPhases = (
				B1F735CB268607BE008AA8C6 /* Sources */,
				B1F735CC268607BE008AA8C6 /* Frameworks */,
				B1F735CD268607BE008AA8C6 /* Resources */,
			);
			buildRules = (
			);
			dependencies = (
				B1F735D1268607BE008AA8C6 /* PBXTargetDependency */,
			);
			name = pokedexUITests;
			productName = pokedexUITests;
			productReference = B1F735CF268607BE008AA8C6 /* pokedexUITests.xctest */;
			productType = "com.apple.product-type.bundle.ui-testing";
		};
/* End PBXNativeTarget section */

/* Begin PBXProject section */
		B1F735A6268607BD008AA8C6 /* Project object */ = {
			isa = PBXProject;
			attributes = {
				LastSwiftUpdateCheck = 1240;
				LastUpgradeCheck = 1240;
				TargetAttributes = {
					B1F735AD268607BD008AA8C6 = {
						CreatedOnToolsVersion = 12.4;
					};
					B1F735C3268607BE008AA8C6 = {
						CreatedOnToolsVersion = 12.4;
						TestTargetID = B1F735AD268607BD008AA8C6;
					};
					B1F735CE268607BE008AA8C6 = {
						CreatedOnToolsVersion = 12.4;
						TestTargetID = B1F735AD268607BD008AA8C6;
					};
				};
			};
			buildConfigurationList = B1F735A9268607BD008AA8C6 /* Build configuration list for PBXProject "pokedex" */;
			compatibilityVersion = "Xcode 9.3";
			developmentRegion = en;
			hasScannedForEncodings = 0;
			knownRegions = (
				en,
				Base,
			);
			mainGroup = B1F735A5268607BD008AA8C6;
			productRefGroup = B1F735AF268607BD008AA8C6 /* Products */;
			projectDirPath = "";
			projectRoot = "";
			targets = (
				B1F735AD268607BD008AA8C6 /* pokedex */,
				B1F735C3268607BE008AA8C6 /* pokedexTests */,
				B1F735CE268607BE008AA8C6 /* pokedexUITests */,
			);
		};
/* End PBXProject section */

/* Begin PBXResourcesBuildPhase section */
		B1F735AC268607BD008AA8C6 /* Resources */ = {
			isa = PBXResourcesBuildPhase;
			buildActionMask = 2147483647;
			files = (
				B1F735BE268607BE008AA8C6 /* LaunchScreen.storyboard in Resources */,
				B1F735BB268607BE008AA8C6 /* Assets.xcassets in Resources */,
				B1F735B9268607BD008AA8C6 /* Main.storyboard in Resources */,
			);
			runOnlyForDeploymentPostprocessing = 0;
		};
		B1F735C2268607BE008AA8C6 /* Resources */ = {
			isa = PBXResourcesBuildPhase;
			buildActionMask = 2147483647;
			files = (
			);
			runOnlyForDeploymentPostprocessing = 0;
		};
		B1F735CD268607BE008AA8C6 /* Resources */ = {
			isa = PBXResourcesBuildPhase;
			buildActionMask = 2147483647;
			files = (
			);
			runOnlyForDeploymentPostprocessing = 0;
		};
/* End PBXResourcesBuildPhase section */

/* Begin PBXSourcesBuildPhase section */
		B1F735AA268607BD008AA8C6 /* Sources */ = {
			isa = PBXSourcesBuildPhase;
			buildActionMask = 2147483647;
			files = (
				B1F735B6268607BD008AA8C6 /* ViewController.swift in Sources */,
				B114A1732686109A0008C42B /* PokedexViewController.swift in Sources */,
				B1F735B2268607BD008AA8C6 /* AppDelegate.swift in Sources */,
				B114A179268610D20008C42B /* ViewConfiguration.swift in Sources */,
				B1F735B4268607BD008AA8C6 /* SceneDelegate.swift in Sources */,
			);
			runOnlyForDeploymentPostprocessing = 0;
		};
		B1F735C0268607BE008AA8C6 /* Sources */ = {
			isa = PBXSourcesBuildPhase;
			buildActionMask = 2147483647;
			files = (
				B1F735C9268607BE008AA8C6 /* pokedexTests.swift in Sources */,
			);
			runOnlyForDeploymentPostprocessing = 0;
		};
		B1F735CB268607BE008AA8C6 /* Sources */ = {
			isa = PBXSourcesBuildPhase;
			buildActionMask = 2147483647;
			files = (
				B1F735D4268607BE008AA8C6 /* pokedexUITests.swift in Sources */,
			);
			runOnlyForDeploymentPostprocessing = 0;
		};
/* End PBXSourcesBuildPhase section */

/* Begin PBXTargetDependency section */
		B1F735C6268607BE008AA8C6 /* PBXTargetDependency */ = {
			isa = PBXTargetDependency;
			target = B1F735AD268607BD008AA8C6 /* pokedex */;
			targetProxy = B1F735C5268607BE008AA8C6 /* PBXContainerItemProxy */;
		};
		B1F735D1268607BE008AA8C6 /* PBXTargetDependency */ = {
			isa = PBXTargetDependency;
			target = B1F735AD268607BD008AA8C6 /* pokedex */;
			targetProxy = B1F735D0268607BE008AA8C6 /* PBXContainerItemProxy */;
		};
/* End PBXTargetDependency section */

/* Begin PBXVariantGroup section */
		B1F735B7268607BD008AA8C6 /* Main.storyboard */ = {
			isa = PBXVariantGroup;
			children = (
				B1F735B8268607BD008AA8C6 /* Base */,
			);
			name = Main.storyboard;
			sourceTree = "<group>";
		};
		B1F735BC268607BE008AA8C6 /* LaunchScreen.storyboard */ = {
			isa = PBXVariantGroup;
			children = (
				B1F735BD268607BE008AA8C6 /* Base */,
			);
			name = LaunchScreen.storyboard;
			sourceTree = "<group>";
		};
/* End PBXVariantGroup section */

/* Begin XCBuildConfiguration section */
		B1F735D6268607BE008AA8C6 /* Debug */ = {
			isa = XCBuildConfiguration;
			buildSettings = {
				ALWAYS_SEARCH_USER_PATHS = NO;
				CLANG_ANALYZER_NONNULL = YES;
				CLANG_ANALYZER_NUMBER_OBJECT_CONVERSION = YES_AGGRESSIVE;
				CLANG_CXX_LANGUAGE_STANDARD = "gnu++14";
				CLANG_CXX_LIBRARY = "libc++";
				CLANG_ENABLE_MODULES = YES;
				CLANG_ENABLE_OBJC_ARC = YES;
				CLANG_ENABLE_OBJC_WEAK = YES;
				CLANG_WARN_BLOCK_CAPTURE_AUTORELEASING = YES;
				CLANG_WARN_BOOL_CONVERSION = YES;
				CLANG_WARN_COMMA = YES;
				CLANG_WARN_CONSTANT_CONVERSION = YES;
				CLANG_WARN_DEPRECATED_OBJC_IMPLEMENTATIONS = YES;
				CLANG_WARN_DIRECT_OBJC_ISA_USAGE = YES_ERROR;
				CLANG_WARN_DOCUMENTATION_COMMENTS = YES;
				CLANG_WARN_EMPTY_BODY = YES;
				CLANG_WARN_ENUM_CONVERSION = YES;
				CLANG_WARN_INFINITE_RECURSION = YES;
				CLANG_WARN_INT_CONVERSION = YES;
				CLANG_WARN_NON_LITERAL_NULL_CONVERSION = YES;
				CLANG_WARN_OBJC_IMPLICIT_RETAIN_SELF = YES;
				CLANG_WARN_OBJC_LITERAL_CONVERSION = YES;
				CLANG_WARN_OBJC_ROOT_CLASS = YES_ERROR;
				CLANG_WARN_QUOTED_INCLUDE_IN_FRAMEWORK_HEADER = YES;
				CLANG_WARN_RANGE_LOOP_ANALYSIS = YES;
				CLANG_WARN_STRICT_PROTOTYPES = YES;
				CLANG_WARN_SUSPICIOUS_MOVE = YES;
				CLANG_WARN_UNGUARDED_AVAILABILITY = YES_AGGRESSIVE;
				CLANG_WARN_UNREACHABLE_CODE = YES;
				CLANG_WARN__DUPLICATE_METHOD_MATCH = YES;
				COPY_PHASE_STRIP = NO;
				DEBUG_INFORMATION_FORMAT = dwarf;
				ENABLE_STRICT_OBJC_MSGSEND = YES;
				ENABLE_TESTABILITY = YES;
				GCC_C_LANGUAGE_STANDARD = gnu11;
				GCC_DYNAMIC_NO_PIC = NO;
				GCC_NO_COMMON_BLOCKS = YES;
				GCC_OPTIMIZATION_LEVEL = 0;
				GCC_PREPROCESSOR_DEFINITIONS = (
					"DEBUG=1",
					"$(inherited)",
				);
				GCC_WARN_64_TO_32_BIT_CONVERSION = YES;
				GCC_WARN_ABOUT_RETURN_TYPE = YES_ERROR;
				GCC_WARN_UNDECLARED_SELECTOR = YES;
				GCC_WARN_UNINITIALIZED_AUTOS = YES_AGGRESSIVE;
				GCC_WARN_UNUSED_FUNCTION = YES;
				GCC_WARN_UNUSED_VARIABLE = YES;
				IPHONEOS_DEPLOYMENT_TARGET = 14.4;
				MTL_ENABLE_DEBUG_INFO = INCLUDE_SOURCE;
				MTL_FAST_MATH = YES;
				ONLY_ACTIVE_ARCH = YES;
				SDKROOT = iphoneos;
				SWIFT_ACTIVE_COMPILATION_CONDITIONS = DEBUG;
				SWIFT_OPTIMIZATION_LEVEL = "-Onone";
			};
			name = Debug;
		};
		B1F735D7268607BE008AA8C6 /* Release */ = {
			isa = XCBuildConfiguration;
			buildSettings = {
				ALWAYS_SEARCH_USER_PATHS = NO;
				CLANG_ANALYZER_NONNULL = YES;
				CLANG_ANALYZER_NUMBER_OBJECT_CONVERSION = YES_AGGRESSIVE;
				CLANG_CXX_LANGUAGE_STANDARD = "gnu++14";
				CLANG_CXX_LIBRARY = "libc++";
				CLANG_ENABLE_MODULES = YES;
				CLANG_ENABLE_OBJC_ARC = YES;
				CLANG_ENABLE_OBJC_WEAK = YES;
				CLANG_WARN_BLOCK_CAPTURE_AUTORELEASING = YES;
				CLANG_WARN_BOOL_CONVERSION = YES;
				CLANG_WARN_COMMA = YES;
				CLANG_WARN_CONSTANT_CONVERSION = YES;
				CLANG_WARN_DEPRECATED_OBJC_IMPLEMENTATIONS = YES;
				CLANG_WARN_DIRECT_OBJC_ISA_USAGE = YES_ERROR;
				CLANG_WARN_DOCUMENTATION_COMMENTS = YES;
				CLANG_WARN_EMPTY_BODY = YES;
				CLANG_WARN_ENUM_CONVERSION = YES;
				CLANG_WARN_INFINITE_RECURSION = YES;
				CLANG_WARN_INT_CONVERSION = YES;
				CLANG_WARN_NON_LITERAL_NULL_CONVERSION = YES;
				CLANG_WARN_OBJC_IMPLICIT_RETAIN_SELF = YES;
				CLANG_WARN_OBJC_LITERAL_CONVERSION = YES;
				CLANG_WARN_OBJC_ROOT_CLASS = YES_ERROR;
				CLANG_WARN_QUOTED_INCLUDE_IN_FRAMEWORK_HEADER = YES;
				CLANG_WARN_RANGE_LOOP_ANALYSIS = YES;
				CLANG_WARN_STRICT_PROTOTYPES = YES;
				CLANG_WARN_SUSPICIOUS_MOVE = YES;
				CLANG_WARN_UNGUARDED_AVAILABILITY = YES_AGGRESSIVE;
				CLANG_WARN_UNREACHABLE_CODE = YES;
				CLANG_WARN__DUPLICATE_METHOD_MATCH = YES;
				COPY_PHASE_STRIP = NO;
				DEBUG_INFORMATION_FORMAT = "dwarf-with-dsym";
				ENABLE_NS_ASSERTIONS = NO;
				ENABLE_STRICT_OBJC_MSGSEND = YES;
				GCC_C_LANGUAGE_STANDARD = gnu11;
				GCC_NO_COMMON_BLOCKS = YES;
				GCC_WARN_64_TO_32_BIT_CONVERSION = YES;
				GCC_WARN_ABOUT_RETURN_TYPE = YES_ERROR;
				GCC_WARN_UNDECLARED_SELECTOR = YES;
				GCC_WARN_UNINITIALIZED_AUTOS = YES_AGGRESSIVE;
				GCC_WARN_UNUSED_FUNCTION = YES;
				GCC_WARN_UNUSED_VARIABLE = YES;
				IPHONEOS_DEPLOYMENT_TARGET = 14.4;
				MTL_ENABLE_DEBUG_INFO = NO;
				MTL_FAST_MATH = YES;
				SDKROOT = iphoneos;
				SWIFT_COMPILATION_MODE = wholemodule;
				SWIFT_OPTIMIZATION_LEVEL = "-O";
				VALIDATE_PRODUCT = YES;
			};
			name = Release;
		};
		B1F735D9268607BE008AA8C6 /* Debug */ = {
			isa = XCBuildConfiguration;
			buildSettings = {
				ASSETCATALOG_COMPILER_APPICON_NAME = AppIcon;
				ASSETCATALOG_COMPILER_GLOBAL_ACCENT_COLOR_NAME = AccentColor;
				CODE_SIGN_STYLE = Automatic;
				INFOPLIST_FILE = pokedex/Info.plist;
				LD_RUNPATH_SEARCH_PATHS = (
					"$(inherited)",
					"@executable_path/Frameworks",
				);
				PRODUCT_BUNDLE_IDENTIFIER = com.study.pokedex;
				PRODUCT_NAME = "$(TARGET_NAME)";
				SWIFT_VERSION = 5.0;
				TARGETED_DEVICE_FAMILY = "1,2";
			};
			name = Debug;
		};
		B1F735DA268607BE008AA8C6 /* Release */ = {
			isa = XCBuildConfiguration;
			buildSettings = {
				ASSETCATALOG_COMPILER_APPICON_NAME = AppIcon;
				ASSETCATALOG_COMPILER_GLOBAL_ACCENT_COLOR_NAME = AccentColor;
				CODE_SIGN_STYLE = Automatic;
				INFOPLIST_FILE = pokedex/Info.plist;
				LD_RUNPATH_SEARCH_PATHS = (
					"$(inherited)",
					"@executable_path/Frameworks",
				);
				PRODUCT_BUNDLE_IDENTIFIER = com.study.pokedex;
				PRODUCT_NAME = "$(TARGET_NAME)";
				SWIFT_VERSION = 5.0;
				TARGETED_DEVICE_FAMILY = "1,2";
			};
			name = Release;
		};
		B1F735DC268607BE008AA8C6 /* Debug */ = {
			isa = XCBuildConfiguration;
			buildSettings = {
				ALWAYS_EMBED_SWIFT_STANDARD_LIBRARIES = YES;
				BUNDLE_LOADER = "$(TEST_HOST)";
				CODE_SIGN_STYLE = Automatic;
				INFOPLIST_FILE = pokedexTests/Info.plist;
				IPHONEOS_DEPLOYMENT_TARGET = 14.4;
				LD_RUNPATH_SEARCH_PATHS = (
					"$(inherited)",
					"@executable_path/Frameworks",
					"@loader_path/Frameworks",
				);
				PRODUCT_BUNDLE_IDENTIFIER = com.study.pokedexTests;
				PRODUCT_NAME = "$(TARGET_NAME)";
				SWIFT_VERSION = 5.0;
				TARGETED_DEVICE_FAMILY = "1,2";
				TEST_HOST = "$(BUILT_PRODUCTS_DIR)/pokedex.app/pokedex";
			};
			name = Debug;
		};
		B1F735DD268607BE008AA8C6 /* Release */ = {
			isa = XCBuildConfiguration;
			buildSettings = {
				ALWAYS_EMBED_SWIFT_STANDARD_LIBRARIES = YES;
				BUNDLE_LOADER = "$(TEST_HOST)";
				CODE_SIGN_STYLE = Automatic;
				INFOPLIST_FILE = pokedexTests/Info.plist;
				IPHONEOS_DEPLOYMENT_TARGET = 14.4;
				LD_RUNPATH_SEARCH_PATHS = (
					"$(inherited)",
					"@executable_path/Frameworks",
					"@loader_path/Frameworks",
				);
				PRODUCT_BUNDLE_IDENTIFIER = com.study.pokedexTests;
				PRODUCT_NAME = "$(TARGET_NAME)";
				SWIFT_VERSION = 5.0;
				TARGETED_DEVICE_FAMILY = "1,2";
				TEST_HOST = "$(BUILT_PRODUCTS_DIR)/pokedex.app/pokedex";
			};
			name = Release;
		};
		B1F735DF268607BE008AA8C6 /* Debug */ = {
			isa = XCBuildConfiguration;
			buildSettings = {
				ALWAYS_EMBED_SWIFT_STANDARD_LIBRARIES = YES;
				CODE_SIGN_STYLE = Automatic;
				INFOPLIST_FILE = pokedexUITests/Info.plist;
				LD_RUNPATH_SEARCH_PATHS = (
					"$(inherited)",
					"@executable_path/Frameworks",
					"@loader_path/Frameworks",
				);
				PRODUCT_BUNDLE_IDENTIFIER = com.study.pokedexUITests;
				PRODUCT_NAME = "$(TARGET_NAME)";
				SWIFT_VERSION = 5.0;
				TARGETED_DEVICE_FAMILY = "1,2";
				TEST_TARGET_NAME = pokedex;
			};
			name = Debug;
		};
		B1F735E0268607BE008AA8C6 /* Release */ = {
			isa = XCBuildConfiguration;
			buildSettings = {
				ALWAYS_EMBED_SWIFT_STANDARD_LIBRARIES = YES;
				CODE_SIGN_STYLE = Automatic;
				INFOPLIST_FILE = pokedexUITests/Info.plist;
				LD_RUNPATH_SEARCH_PATHS = (
					"$(inherited)",
					"@executable_path/Frameworks",
					"@loader_path/Frameworks",
				);
				PRODUCT_BUNDLE_IDENTIFIER = com.study.pokedexUITests;
				PRODUCT_NAME = "$(TARGET_NAME)";
				SWIFT_VERSION = 5.0;
				TARGETED_DEVICE_FAMILY = "1,2";
				TEST_TARGET_NAME = pokedex;
			};
			name = Release;
		};
/* End XCBuildConfiguration section */

/* Begin XCConfigurationList section */
		B1F735A9268607BD008AA8C6 /* Build configuration list for PBXProject "pokedex" */ = {
			isa = XCConfigurationList;
			buildConfigurations = (
				B1F735D6268607BE008AA8C6 /* Debug */,
				B1F735D7268607BE008AA8C6 /* Release */,
			);
			defaultConfigurationIsVisible = 0;
			defaultConfigurationName = Release;
		};
		B1F735D8268607BE008AA8C6 /* Build configuration list for PBXNativeTarget "pokedex" */ = {
			isa = XCConfigurationList;
			buildConfigurations = (
				B1F735D9268607BE008AA8C6 /* Debug */,
				B1F735DA268607BE008AA8C6 /* Release */,
			);
			defaultConfigurationIsVisible = 0;
			defaultConfigurationName = Release;
		};
		B1F735DB268607BE008AA8C6 /* Build configuration list for PBXNativeTarget "pokedexTests" */ = {
			isa = XCConfigurationList;
			buildConfigurations = (
				B1F735DC268607BE008AA8C6 /* Debug */,
				B1F735DD268607BE008AA8C6 /* Release */,
			);
			defaultConfigurationIsVisible = 0;
			defaultConfigurationName = Release;
		};
		B1F735DE268607BE008AA8C6 /* Build configuration list for PBXNativeTarget "pokedexUITests" */ = {
			isa = XCConfigurationList;
			buildConfigurations = (
				B1F735DF268607BE008AA8C6 /* Debug */,
				B1F735E0268607BE008AA8C6 /* Release */,
			);
			defaultConfigurationIsVisible = 0;
			defaultConfigurationName = Release;
		};
/* End XCConfigurationList section */
	};
	rootObject = B1F735A6268607BD008AA8C6 /* Project object */;
}
